
Microsoft Visual Studio Solution File, Format Version 12.00
# Visual Studio Version 17
VisualStudioVersion = 17.10.35027.167
MinimumVisualStudioVersion = 10.0.40219.1
Project("{FAE04EC0-301F-11D3-BF4B-00C04F79EFBC}") = "EmployeeService", "EmployeeService.csproj", "{F965A12F-D1EE-4581-8505-D7167B274FDA}"
EndProject
Global
	GlobalSection(SolutionConfigurationPlatforms) = preSolution
		Debug|Any CPU = Debug|Any CPU
		Release|Any CPU = Release|Any CPU
	EndGlobalSection
	GlobalSection(ProjectConfigurationPlatforms) = postSolution
		{F965A12F-D1EE-4581-8505-D7167B274FDA}.Debug|Any CPU.ActiveCfg = Debug|Any CPU
		{F965A12F-D1EE-4581-8505-D7167B274FDA}.Debug|Any CPU.Build.0 = Debug|Any CPU
		{F965A12F-D1EE-4581-8505-D7167B274FDA}.Release|Any CPU.ActiveCfg = Release|Any CPU
		{F965A12F-D1EE-4581-8505-D7167B274FDA}.Release|Any CPU.Build.0 = Release|Any CPU
	EndGlobalSection
	GlobalSection(SolutionProperties) = preSolution
		HideSolutionNode = FALSE
	EndGlobalSection
	GlobalSection(ExtensibilityGlobals) = postSolution
		SolutionGuid = {2328181B-1632-4320-9FAC-24245CCC00F2}
	EndGlobalSection
EndGlobal
